
Microsoft Visual Studio Solution File, Format Version 12.00
# Visual Studio Version 17
VisualStudioVersion = 17.6.33829.357
MinimumVisualStudioVersion = 10.0.40219.1
Project("{2150E333-8FDC-42A3-9474-1A3956D46DE8}") = "example", "example", "{C8A5C1B2-CD55-4B68-883C-9AD0CFC31AE5}"
EndProject
Project("{2150E333-8FDC-42A3-9474-1A3956D46DE8}") = ".SolutionItems", ".SolutionItems", "{B38A3EA8-2633-4EE5-B8D5-6124EDA17726}"
	ProjectSection(SolutionItems) = preProject
		.editorconfig = .editorconfig
		.gitignore = .gitignore
		Directory.Build.props = Directory.Build.props
		LICENSE = LICENSE
		NLog.Contrib.Targets.WebSocket.sln.DotSettings = NLog.Contrib.Targets.WebSocket.sln.DotSettings
		README.md = README.md
	EndProjectSection
EndProject
Project("{9A19103F-16F7-4668-BE54-9A1E7A4F7556}") = "NLog.Contrib.Targets.WebSocketServer", "NLog.Contrib.Targets.WebSocketServer\NLog.Contrib.Targets.WebSocketServer.csproj", "{3D747C08-4088-450E-BF34-275B6CE38778}"
EndProject
Project("{9A19103F-16F7-4668-BE54-9A1E7A4F7556}") = "NLog.WebSocketServer.Example.Full", "NLog.WebSocketServer.Example.Full\NLog.WebSocketServer.Example.Full.csproj", "{4950D041-EAEA-44FF-B4AF-62996DDAE0B8}"
EndProject
Project("{9A19103F-16F7-4668-BE54-9A1E7A4F7556}") = "NLog.WebSocketServer.Example.Slim", "NLog.WebSocketServer.Example.Slim\NLog.WebSocketServer.Example.Slim.csproj", "{94180199-8C98-46C9-9AF9-E426A1DB4BD5}"
EndProject
Global
	GlobalSection(SolutionConfigurationPlatforms) = preSolution
		Debug|Any CPU = Debug|Any CPU
		Release|Any CPU = Release|Any CPU
	EndGlobalSection
	GlobalSection(ProjectConfigurationPlatforms) = postSolution
		{3D747C08-4088-450E-BF34-275B6CE38778}.Debug|Any CPU.ActiveCfg = Debug|Any CPU
		{3D747C08-4088-450E-BF34-275B6CE38778}.Debug|Any CPU.Build.0 = Debug|Any CPU
		{3D747C08-4088-450E-BF34-275B6CE38778}.Release|Any CPU.ActiveCfg = Release|Any CPU
		{3D747C08-4088-450E-BF34-275B6CE38778}.Release|Any CPU.Build.0 = Release|Any CPU
		{4950D041-EAEA-44FF-B4AF-62996DDAE0B8}.Debug|Any CPU.ActiveCfg = Debug|Any CPU
		{4950D041-EAEA-44FF-B4AF-62996DDAE0B8}.Debug|Any CPU.Build.0 = Debug|Any CPU
		{4950D041-EAEA-44FF-B4AF-62996DDAE0B8}.Release|Any CPU.ActiveCfg = Release|Any CPU
		{4950D041-EAEA-44FF-B4AF-62996DDAE0B8}.Release|Any CPU.Build.0 = Release|Any CPU
		{94180199-8C98-46C9-9AF9-E426A1DB4BD5}.Debug|Any CPU.ActiveCfg = Debug|Any CPU
		{94180199-8C98-46C9-9AF9-E426A1DB4BD5}.Debug|Any CPU.Build.0 = Debug|Any CPU
		{94180199-8C98-46C9-9AF9-E426A1DB4BD5}.Release|Any CPU.ActiveCfg = Release|Any CPU
		{94180199-8C98-46C9-9AF9-E426A1DB4BD5}.Release|Any CPU.Build.0 = Release|Any CPU
	EndGlobalSection
	GlobalSection(SolutionProperties) = preSolution
		HideSolutionNode = FALSE
	EndGlobalSection
	GlobalSection(NestedProjects) = preSolution
		{4950D041-EAEA-44FF-B4AF-62996DDAE0B8} = {C8A5C1B2-CD55-4B68-883C-9AD0CFC31AE5}
		{94180199-8C98-46C9-9AF9-E426A1DB4BD5} = {C8A5C1B2-CD55-4B68-883C-9AD0CFC31AE5}
	EndGlobalSection
	GlobalSection(ExtensibilityGlobals) = postSolution
		SolutionGuid = {81808C6C-F597-4F4B-8BCE-8459784158A0}
	EndGlobalSection
EndGlobal
