
Microsoft Visual Studio Solution File, Format Version 12.00
# Visual Studio Version 17
VisualStudioVersion = 17.6.33829.357
MinimumVisualStudioVersion = 10.0.40219.1
Project("{2150E333-8FDC-42A3-9474-1A3956D46DE8}") = "example", "example", "{C8A5C1B2-CD55-4B68-883C-9AD0CFC31AE5}"
EndProject
Project("{2150E333-8FDC-42A3-9474-1A3956D46DE8}") = ".SolutionItems", ".SolutionItems", "{B38A3EA8-2633-4EE5-B8D5-6124EDA17726}"
	ProjectSection(SolutionItems) = preProject
		.editorconfig = .editorconfig
		.gitignore = .gitignore
		Directory.Build.props = Directory.Build.props
		LICENSE = LICENSE
		README.md = README.md
		NLog.Contrib.Targets.WebSocket.Core.sln.DotSettings = NLog.Contrib.Targets.WebSocket.Core.sln.DotSettings
	EndProjectSection
EndProject
Project("{9A19103F-16F7-4668-BE54-9A1E7A4F7556}") = "NLog.WebSocketServer.Example.Full", "NLog.WebSocketServer.Example.Full\NLog.WebSocketServer.Example.Full.csproj", "{4950D041-EAEA-44FF-B4AF-62996DDAE0B8}"
EndProject
Project("{9A19103F-16F7-4668-BE54-9A1E7A4F7556}") = "NLog.WebSocketServer.Example.Slim", "NLog.WebSocketServer.Example.Slim\NLog.WebSocketServer.Example.Slim.csproj", "{94180199-8C98-46C9-9AF9-E426A1DB4BD5}"
EndProject
Project("{FAE04EC0-301F-11D3-BF4B-00C04F79EFBC}") = "NLog.Contrib.Targets.WebSocketServer.Core", "NLog.Contrib.Targets.WebSocketServer.Core\NLog.Contrib.Targets.WebSocketServer.Core.csproj", "{D70E73BE-6541-47CE-AB4B-EE66A63EA650}"
EndProject
Project("{FAE04EC0-301F-11D3-BF4B-00C04F79EFBC}") = "NLog.Contrib.Targets.WebSocketServer.Core.UnitTests", "NLog.Contrib.Targets.WebSocketServer.Core.UnitTests\NLog.Contrib.Targets.WebSocketServer.Core.UnitTests.csproj", "{F846DC08-87BC-42B8-A085-C83B1A77AD4C}"
EndProject
Project("{FAE04EC0-301F-11D3-BF4B-00C04F79EFBC}") = "NLog.Contrib.LogListener", "NLog.Contrib.LogListener\NLog.Contrib.LogListener.csproj", "{AD4CA51D-AF6F-418A-8765-FCD2C52C8734}"
EndProject
Project("{FAE04EC0-301F-11D3-BF4B-00C04F79EFBC}") = "NLog.Contrib.LogListener.UnitTests", "NLog.Contrib.LogListener.UnitTests\NLog.Contrib.LogListener.UnitTests.csproj", "{7310623E-3D8D-4EB7-86C0-B0471E3CF52B}"
EndProject
Project("{FAE04EC0-301F-11D3-BF4B-00C04F79EFBC}") = "NLog.TcpListener.TestSender", "NLog.TcpListener.TestSender\NLog.TcpListener.TestSender.csproj", "{628EEC22-3A96-44DD-B50B-812327D63CDD}"
EndProject
Project("{FAE04EC0-301F-11D3-BF4B-00C04F79EFBC}") = "Logair", "Logair\Logair.csproj", "{C31CA8D1-0174-4522-94AC-D5AE4BC18EA0}"
EndProject
Project("{FAE04EC0-301F-11D3-BF4B-00C04F79EFBC}") = "Logair.UnitTests", "Logair.UnitTests\Logair.UnitTests.csproj", "{B044FCB8-DF7B-4AC1-BDE0-1BA863164D6E}"
EndProject
Global
	GlobalSection(SolutionConfigurationPlatforms) = preSolution
		Debug|Any CPU = Debug|Any CPU
		Release|Any CPU = Release|Any CPU
	EndGlobalSection
	GlobalSection(ProjectConfigurationPlatforms) = postSolution
		{4950D041-EAEA-44FF-B4AF-62996DDAE0B8}.Debug|Any CPU.ActiveCfg = Debug|Any CPU
		{4950D041-EAEA-44FF-B4AF-62996DDAE0B8}.Debug|Any CPU.Build.0 = Debug|Any CPU
		{4950D041-EAEA-44FF-B4AF-62996DDAE0B8}.Release|Any CPU.ActiveCfg = Release|Any CPU
		{4950D041-EAEA-44FF-B4AF-62996DDAE0B8}.Release|Any CPU.Build.0 = Release|Any CPU
		{94180199-8C98-46C9-9AF9-E426A1DB4BD5}.Debug|Any CPU.ActiveCfg = Debug|Any CPU
		{94180199-8C98-46C9-9AF9-E426A1DB4BD5}.Debug|Any CPU.Build.0 = Debug|Any CPU
		{94180199-8C98-46C9-9AF9-E426A1DB4BD5}.Release|Any CPU.ActiveCfg = Release|Any CPU
		{94180199-8C98-46C9-9AF9-E426A1DB4BD5}.Release|Any CPU.Build.0 = Release|Any CPU
		{D70E73BE-6541-47CE-AB4B-EE66A63EA650}.Debug|Any CPU.ActiveCfg = Debug|Any CPU
		{D70E73BE-6541-47CE-AB4B-EE66A63EA650}.Debug|Any CPU.Build.0 = Debug|Any CPU
		{D70E73BE-6541-47CE-AB4B-EE66A63EA650}.Release|Any CPU.ActiveCfg = Release|Any CPU
		{D70E73BE-6541-47CE-AB4B-EE66A63EA650}.Release|Any CPU.Build.0 = Release|Any CPU
		{F846DC08-87BC-42B8-A085-C83B1A77AD4C}.Debug|Any CPU.ActiveCfg = Debug|Any CPU
		{F846DC08-87BC-42B8-A085-C83B1A77AD4C}.Debug|Any CPU.Build.0 = Debug|Any CPU
		{F846DC08-87BC-42B8-A085-C83B1A77AD4C}.Release|Any CPU.ActiveCfg = Release|Any CPU
		{F846DC08-87BC-42B8-A085-C83B1A77AD4C}.Release|Any CPU.Build.0 = Release|Any CPU
		{AD4CA51D-AF6F-418A-8765-FCD2C52C8734}.Debug|Any CPU.ActiveCfg = Debug|Any CPU
		{AD4CA51D-AF6F-418A-8765-FCD2C52C8734}.Debug|Any CPU.Build.0 = Debug|Any CPU
		{AD4CA51D-AF6F-418A-8765-FCD2C52C8734}.Release|Any CPU.ActiveCfg = Release|Any CPU
		{AD4CA51D-AF6F-418A-8765-FCD2C52C8734}.Release|Any CPU.Build.0 = Release|Any CPU
		{7310623E-3D8D-4EB7-86C0-B0471E3CF52B}.Debug|Any CPU.ActiveCfg = Debug|Any CPU
		{7310623E-3D8D-4EB7-86C0-B0471E3CF52B}.Debug|Any CPU.Build.0 = Debug|Any CPU
		{7310623E-3D8D-4EB7-86C0-B0471E3CF52B}.Release|Any CPU.ActiveCfg = Release|Any CPU
		{7310623E-3D8D-4EB7-86C0-B0471E3CF52B}.Release|Any CPU.Build.0 = Release|Any CPU
		{628EEC22-3A96-44DD-B50B-812327D63CDD}.Debug|Any CPU.ActiveCfg = Debug|Any CPU
		{628EEC22-3A96-44DD-B50B-812327D63CDD}.Debug|Any CPU.Build.0 = Debug|Any CPU
		{628EEC22-3A96-44DD-B50B-812327D63CDD}.Release|Any CPU.ActiveCfg = Release|Any CPU
		{628EEC22-3A96-44DD-B50B-812327D63CDD}.Release|Any CPU.Build.0 = Release|Any CPU
		{C31CA8D1-0174-4522-94AC-D5AE4BC18EA0}.Debug|Any CPU.ActiveCfg = Debug|Any CPU
		{C31CA8D1-0174-4522-94AC-D5AE4BC18EA0}.Debug|Any CPU.Build.0 = Debug|Any CPU
		{C31CA8D1-0174-4522-94AC-D5AE4BC18EA0}.Release|Any CPU.ActiveCfg = Release|Any CPU
		{C31CA8D1-0174-4522-94AC-D5AE4BC18EA0}.Release|Any CPU.Build.0 = Release|Any CPU
		{B044FCB8-DF7B-4AC1-BDE0-1BA863164D6E}.Debug|Any CPU.ActiveCfg = Debug|Any CPU
		{B044FCB8-DF7B-4AC1-BDE0-1BA863164D6E}.Debug|Any CPU.Build.0 = Debug|Any CPU
		{B044FCB8-DF7B-4AC1-BDE0-1BA863164D6E}.Release|Any CPU.ActiveCfg = Release|Any CPU
		{B044FCB8-DF7B-4AC1-BDE0-1BA863164D6E}.Release|Any CPU.Build.0 = Release|Any CPU
	EndGlobalSection
	GlobalSection(SolutionProperties) = preSolution
		HideSolutionNode = FALSE
	EndGlobalSection
	GlobalSection(NestedProjects) = preSolution
		{4950D041-EAEA-44FF-B4AF-62996DDAE0B8} = {C8A5C1B2-CD55-4B68-883C-9AD0CFC31AE5}
		{94180199-8C98-46C9-9AF9-E426A1DB4BD5} = {C8A5C1B2-CD55-4B68-883C-9AD0CFC31AE5}
	EndGlobalSection
	GlobalSection(ExtensibilityGlobals) = postSolution
		SolutionGuid = {81808C6C-F597-4F4B-8BCE-8459784158A0}
	EndGlobalSection
EndGlobal
